// !$*UTF8*$!
{
	archiveVersion = 1;
	classes = {
	};
	objectVersion = 50;
	objects = {

/* Begin PBXBuildFile section */
		53062A5B269686380091AE55 /* APIService.swift in Sources */ = {isa = PBXBuildFile; fileRef = 53062A5A269686380091AE55 /* APIService.swift */; };
		53062A642696868A0091AE55 /* Employees.swift in Sources */ = {isa = PBXBuildFile; fileRef = 53062A632696868A0091AE55 /* Employees.swift */; };
		53062A70269696A60091AE55 /* ViewModel.swift in Sources */ = {isa = PBXBuildFile; fileRef = 53062A6F269696A60091AE55 /* ViewModel.swift */; };
		5312D27C2670627A00D026A7 /* HomeScreen.swift in Sources */ = {isa = PBXBuildFile; fileRef = 5312D27B2670627A00D026A7 /* HomeScreen.swift */; };
		5312D2842670641B00D026A7 /* CodeView.swift in Sources */ = {isa = PBXBuildFile; fileRef = 5312D2832670641B00D026A7 /* CodeView.swift */; };
		5335E4D72644D95500DB3BF5 /* AppDelegate.swift in Sources */ = {isa = PBXBuildFile; fileRef = 5335E4D62644D95500DB3BF5 /* AppDelegate.swift */; };
		5335E4D92644D95500DB3BF5 /* SceneDelegate.swift in Sources */ = {isa = PBXBuildFile; fileRef = 5335E4D82644D95500DB3BF5 /* SceneDelegate.swift */; };
		5335E4DB2644D95500DB3BF5 /* ViewController.swift in Sources */ = {isa = PBXBuildFile; fileRef = 5335E4DA2644D95500DB3BF5 /* ViewController.swift */; };
		5335E4E12644D95500DB3BF5 /* DesignPatterns.xcdatamodeld in Sources */ = {isa = PBXBuildFile; fileRef = 5335E4DF2644D95500DB3BF5 /* DesignPatterns.xcdatamodeld */; };
		5335E4E32644D95900DB3BF5 /* Assets.xcassets in Resources */ = {isa = PBXBuildFile; fileRef = 5335E4E22644D95900DB3BF5 /* Assets.xcassets */; };
		5335E4E62644D95900DB3BF5 /* LaunchScreen.storyboard in Resources */ = {isa = PBXBuildFile; fileRef = 5335E4E42644D95900DB3BF5 /* LaunchScreen.storyboard */; };
		5335E4F12644D95900DB3BF5 /* DesignPatternsTests.swift in Sources */ = {isa = PBXBuildFile; fileRef = 5335E4F02644D95900DB3BF5 /* DesignPatternsTests.swift */; };
		5335E4FC2644D95900DB3BF5 /* DesignPatternsUITests.swift in Sources */ = {isa = PBXBuildFile; fileRef = 5335E4FB2644D95900DB3BF5 /* DesignPatternsUITests.swift */; };
/* End PBXBuildFile section */

/* Begin PBXContainerItemProxy section */
		5335E4ED2644D95900DB3BF5 /* PBXContainerItemProxy */ = {
			isa = PBXContainerItemProxy;
			containerPortal = 5335E4CB2644D95500DB3BF5 /* Project object */;
			proxyType = 1;
			remoteGlobalIDString = 5335E4D22644D95500DB3BF5;
			remoteInfo = DesignPatterns;
		};
		5335E4F82644D95900DB3BF5 /* PBXContainerItemProxy */ = {
			isa = PBXContainerItemProxy;
			containerPortal = 5335E4CB2644D95500DB3BF5 /* Project object */;
			proxyType = 1;
			remoteGlobalIDString = 5335E4D22644D95500DB3BF5;
			remoteInfo = DesignPatterns;
		};
/* End PBXContainerItemProxy section */

/* Begin PBXFileReference section */
		53062A5A269686380091AE55 /* APIService.swift */ = {isa = PBXFileReference; lastKnownFileType = sourcecode.swift; path = APIService.swift; sourceTree = "<group>"; };
		53062A632696868A0091AE55 /* Employees.swift */ = {isa = PBXFileReference; lastKnownFileType = sourcecode.swift; path = Employees.swift; sourceTree = "<group>"; };
		53062A6F269696A60091AE55 /* ViewModel.swift */ = {isa = PBXFileReference; lastKnownFileType = sourcecode.swift; path = ViewModel.swift; sourceTree = "<group>"; };
		5312D27B2670627A00D026A7 /* HomeScreen.swift */ = {isa = PBXFileReference; lastKnownFileType = sourcecode.swift; path = HomeScreen.swift; sourceTree = "<group>"; };
		5312D2832670641B00D026A7 /* CodeView.swift */ = {isa = PBXFileReference; lastKnownFileType = sourcecode.swift; path = CodeView.swift; sourceTree = "<group>"; };
		5335E4D32644D95500DB3BF5 /* DesignPatterns.app */ = {isa = PBXFileReference; explicitFileType = wrapper.application; includeInIndex = 0; path = DesignPatterns.app; sourceTree = BUILT_PRODUCTS_DIR; };
		5335E4D62644D95500DB3BF5 /* AppDelegate.swift */ = {isa = PBXFileReference; lastKnownFileType = sourcecode.swift; path = AppDelegate.swift; sourceTree = "<group>"; };
		5335E4D82644D95500DB3BF5 /* SceneDelegate.swift */ = {isa = PBXFileReference; lastKnownFileType = sourcecode.swift; path = SceneDelegate.swift; sourceTree = "<group>"; };
		5335E4DA2644D95500DB3BF5 /* ViewController.swift */ = {isa = PBXFileReference; lastKnownFileType = sourcecode.swift; path = ViewController.swift; sourceTree = "<group>"; };
		5335E4E02644D95500DB3BF5 /* DesignPatterns.xcdatamodel */ = {isa = PBXFileReference; lastKnownFileType = wrapper.xcdatamodel; path = DesignPatterns.xcdatamodel; sourceTree = "<group>"; };
		5335E4E22644D95900DB3BF5 /* Assets.xcassets */ = {isa = PBXFileReference; lastKnownFileType = folder.assetcatalog; path = Assets.xcassets; sourceTree = "<group>"; };
		5335E4E52644D95900DB3BF5 /* Base */ = {isa = PBXFileReference; lastKnownFileType = file.storyboard; name = Base; path = Base.lproj/LaunchScreen.storyboard; sourceTree = "<group>"; };
		5335E4E72644D95900DB3BF5 /* Info.plist */ = {isa = PBXFileReference; lastKnownFileType = text.plist.xml; path = Info.plist; sourceTree = "<group>"; };
		5335E4EC2644D95900DB3BF5 /* DesignPatternsTests.xctest */ = {isa = PBXFileReference; explicitFileType = wrapper.cfbundle; includeInIndex = 0; path = DesignPatternsTests.xctest; sourceTree = BUILT_PRODUCTS_DIR; };
		5335E4F02644D95900DB3BF5 /* DesignPatternsTests.swift */ = {isa = PBXFileReference; lastKnownFileType = sourcecode.swift; path = DesignPatternsTests.swift; sourceTree = "<group>"; };
		5335E4F22644D95900DB3BF5 /* Info.plist */ = {isa = PBXFileReference; lastKnownFileType = text.plist.xml; path = Info.plist; sourceTree = "<group>"; };
		5335E4F72644D95900DB3BF5 /* DesignPatternsUITests.xctest */ = {isa = PBXFileReference; explicitFileType = wrapper.cfbundle; includeInIndex = 0; path = DesignPatternsUITests.xctest; sourceTree = BUILT_PRODUCTS_DIR; };
		5335E4FB2644D95900DB3BF5 /* DesignPatternsUITests.swift */ = {isa = PBXFileReference; lastKnownFileType = sourcecode.swift; path = DesignPatternsUITests.swift; sourceTree = "<group>"; };
		5335E4FD2644D95900DB3BF5 /* Info.plist */ = {isa = PBXFileReference; lastKnownFileType = text.plist.xml; path = Info.plist; sourceTree = "<group>"; };
/* End PBXFileReference section */

/* Begin PBXFrameworksBuildPhase section */
		5335E4D02644D95500DB3BF5 /* Frameworks */ = {
			isa = PBXFrameworksBuildPhase;
			buildActionMask = 2147483647;
			files = (
			);
			runOnlyForDeploymentPostprocessing = 0;
		};
		5335E4E92644D95900DB3BF5 /* Frameworks */ = {
			isa = PBXFrameworksBuildPhase;
			buildActionMask = 2147483647;
			files = (
			);
			runOnlyForDeploymentPostprocessing = 0;
		};
		5335E4F42644D95900DB3BF5 /* Frameworks */ = {
			isa = PBXFrameworksBuildPhase;
			buildActionMask = 2147483647;
			files = (
			);
			runOnlyForDeploymentPostprocessing = 0;
		};
/* End PBXFrameworksBuildPhase section */

/* Begin PBXGroup section */
		53062A592696859A0091AE55 /* Services */ = {
			isa = PBXGroup;
			children = (
				53062A5A269686380091AE55 /* APIService.swift */,
			);
			path = Services;
			sourceTree = "<group>";
		};
		53062A622696867A0091AE55 /* Models */ = {
			isa = PBXGroup;
			children = (
				53062A632696868A0091AE55 /* Employees.swift */,
			);
			path = Models;
			sourceTree = "<group>";
		};
		53062A6E269696930091AE55 /* ViewModel */ = {
			isa = PBXGroup;
			children = (
				53062A6F269696A60091AE55 /* ViewModel.swift */,
			);
			path = ViewModel;
			sourceTree = "<group>";
		};
		5312D27A2670624C00D026A7 /* UI */ = {
			isa = PBXGroup;
			children = (
				5312D27B2670627A00D026A7 /* HomeScreen.swift */,
				5312D2832670641B00D026A7 /* CodeView.swift */,
			);
			path = UI;
			sourceTree = "<group>";
		};
		5335E4CA2644D95500DB3BF5 = {
			isa = PBXGroup;
			children = (
				5335E4D52644D95500DB3BF5 /* DesignPatterns */,
				5335E4EF2644D95900DB3BF5 /* DesignPatternsTests */,
				5335E4FA2644D95900DB3BF5 /* DesignPatternsUITests */,
				5335E4D42644D95500DB3BF5 /* Products */,
			);
			sourceTree = "<group>";
		};
		5335E4D42644D95500DB3BF5 /* Products */ = {
			isa = PBXGroup;
			children = (
				5335E4D32644D95500DB3BF5 /* DesignPatterns.app */,
				5335E4EC2644D95900DB3BF5 /* DesignPatternsTests.xctest */,
				5335E4F72644D95900DB3BF5 /* DesignPatternsUITests.xctest */,
			);
			name = Products;
			sourceTree = "<group>";
		};
		5335E4D52644D95500DB3BF5 /* DesignPatterns */ = {
			isa = PBXGroup;
			children = (
				53062A6E269696930091AE55 /* ViewModel */,
				53062A622696867A0091AE55 /* Models */,
				53062A592696859A0091AE55 /* Services */,
				5312D27A2670624C00D026A7 /* UI */,
				5335E4D62644D95500DB3BF5 /* AppDelegate.swift */,
				5335E4D82644D95500DB3BF5 /* SceneDelegate.swift */,
				5335E4DA2644D95500DB3BF5 /* ViewController.swift */,
				5335E4E22644D95900DB3BF5 /* Assets.xcassets */,
				5335E4E42644D95900DB3BF5 /* LaunchScreen.storyboard */,
				5335E4E72644D95900DB3BF5 /* Info.plist */,
				5335E4DF2644D95500DB3BF5 /* DesignPatterns.xcdatamodeld */,
			);
			path = DesignPatterns;
			sourceTree = "<group>";
		};
		5335E4EF2644D95900DB3BF5 /* DesignPatternsTests */ = {
			isa = PBXGroup;
			children = (
				5335E4F02644D95900DB3BF5 /* DesignPatternsTests.swift */,
				5335E4F22644D95900DB3BF5 /* Info.plist */,
			);
			path = DesignPatternsTests;
			sourceTree = "<group>";
		};
		5335E4FA2644D95900DB3BF5 /* DesignPatternsUITests */ = {
			isa = PBXGroup;
			children = (
				5335E4FB2644D95900DB3BF5 /* DesignPatternsUITests.swift */,
				5335E4FD2644D95900DB3BF5 /* Info.plist */,
			);
			path = DesignPatternsUITests;
			sourceTree = "<group>";
		};
/* End PBXGroup section */

/* Begin PBXNativeTarget section */
		5335E4D22644D95500DB3BF5 /* DesignPatterns */ = {
			isa = PBXNativeTarget;
			buildConfigurationList = 5335E5002644D95900DB3BF5 /* Build configuration list for PBXNativeTarget "DesignPatterns" */;
			buildPhases = (
				5335E4CF2644D95500DB3BF5 /* Sources */,
				5335E4D02644D95500DB3BF5 /* Frameworks */,
				5335E4D12644D95500DB3BF5 /* Resources */,
			);
			buildRules = (
			);
			dependencies = (
			);
			name = DesignPatterns;
			productName = DesignPatterns;
			productReference = 5335E4D32644D95500DB3BF5 /* DesignPatterns.app */;
			productType = "com.apple.product-type.application";
		};
		5335E4EB2644D95900DB3BF5 /* DesignPatternsTests */ = {
			isa = PBXNativeTarget;
			buildConfigurationList = 5335E5032644D95900DB3BF5 /* Build configuration list for PBXNativeTarget "DesignPatternsTests" */;
			buildPhases = (
				5335E4E82644D95900DB3BF5 /* Sources */,
				5335E4E92644D95900DB3BF5 /* Frameworks */,
				5335E4EA2644D95900DB3BF5 /* Resources */,
			);
			buildRules = (
			);
			dependencies = (
				5335E4EE2644D95900DB3BF5 /* PBXTargetDependency */,
			);
			name = DesignPatternsTests;
			productName = DesignPatternsTests;
			productReference = 5335E4EC2644D95900DB3BF5 /* DesignPatternsTests.xctest */;
			productType = "com.apple.product-type.bundle.unit-test";
		};
		5335E4F62644D95900DB3BF5 /* DesignPatternsUITests */ = {
			isa = PBXNativeTarget;
			buildConfigurationList = 5335E5062644D95900DB3BF5 /* Build configuration list for PBXNativeTarget "DesignPatternsUITests" */;
			buildPhases = (
				5335E4F32644D95900DB3BF5 /* Sources */,
				5335E4F42644D95900DB3BF5 /* Frameworks */,
				5335E4F52644D95900DB3BF5 /* Resources */,
			);
			buildRules = (
			);
			dependencies = (
				5335E4F92644D95900DB3BF5 /* PBXTargetDependency */,
			);
			name = DesignPatternsUITests;
			productName = DesignPatternsUITests;
			productReference = 5335E4F72644D95900DB3BF5 /* DesignPatternsUITests.xctest */;
			productType = "com.apple.product-type.bundle.ui-testing";
		};
/* End PBXNativeTarget section */

/* Begin PBXProject section */
		5335E4CB2644D95500DB3BF5 /* Project object */ = {
			isa = PBXProject;
			attributes = {
				LastSwiftUpdateCheck = 1240;
				LastUpgradeCheck = 1240;
				TargetAttributes = {
					5335E4D22644D95500DB3BF5 = {
						CreatedOnToolsVersion = 12.4;
					};
					5335E4EB2644D95900DB3BF5 = {
						CreatedOnToolsVersion = 12.4;
						TestTargetID = 5335E4D22644D95500DB3BF5;
					};
					5335E4F62644D95900DB3BF5 = {
						CreatedOnToolsVersion = 12.4;
						TestTargetID = 5335E4D22644D95500DB3BF5;
					};
				};
			};
			buildConfigurationList = 5335E4CE2644D95500DB3BF5 /* Build configuration list for PBXProject "DesignPatterns" */;
			compatibilityVersion = "Xcode 9.3";
			developmentRegion = en;
			hasScannedForEncodings = 0;
			knownRegions = (
				en,
				Base,
			);
			mainGroup = 5335E4CA2644D95500DB3BF5;
			productRefGroup = 5335E4D42644D95500DB3BF5 /* Products */;
			projectDirPath = "";
			projectRoot = "";
			targets = (
				5335E4D22644D95500DB3BF5 /* DesignPatterns */,
				5335E4EB2644D95900DB3BF5 /* DesignPatternsTests */,
				5335E4F62644D95900DB3BF5 /* DesignPatternsUITests */,
			);
		};
/* End PBXProject section */

/* Begin PBXResourcesBuildPhase section */
		5335E4D12644D95500DB3BF5 /* Resources */ = {
			isa = PBXResourcesBuildPhase;
			buildActionMask = 2147483647;
			files = (
				5335E4E62644D95900DB3BF5 /* LaunchScreen.storyboard in Resources */,
				5335E4E32644D95900DB3BF5 /* Assets.xcassets in Resources */,
			);
			runOnlyForDeploymentPostprocessing = 0;
		};
		5335E4EA2644D95900DB3BF5 /* Resources */ = {
			isa = PBXResourcesBuildPhase;
			buildActionMask = 2147483647;
			files = (
			);
			runOnlyForDeploymentPostprocessing = 0;
		};
		5335E4F52644D95900DB3BF5 /* Resources */ = {
			isa = PBXResourcesBuildPhase;
			buildActionMask = 2147483647;
			files = (
			);
			runOnlyForDeploymentPostprocessing = 0;
		};
/* End PBXResourcesBuildPhase section */

/* Begin PBXSourcesBuildPhase section */
		5335E4CF2644D95500DB3BF5 /* Sources */ = {
			isa = PBXSourcesBuildPhase;
			buildActionMask = 2147483647;
			files = (
				5335E4DB2644D95500DB3BF5 /* ViewController.swift in Sources */,
				53062A70269696A60091AE55 /* ViewModel.swift in Sources */,
				53062A642696868A0091AE55 /* Employees.swift in Sources */,
				53062A5B269686380091AE55 /* APIService.swift in Sources */,
				5312D27C2670627A00D026A7 /* HomeScreen.swift in Sources */,
				5335E4D72644D95500DB3BF5 /* AppDelegate.swift in Sources */,
				5312D2842670641B00D026A7 /* CodeView.swift in Sources */,
				5335E4E12644D95500DB3BF5 /* DesignPatterns.xcdatamodeld in Sources */,
				5335E4D92644D95500DB3BF5 /* SceneDelegate.swift in Sources */,
			);
			runOnlyForDeploymentPostprocessing = 0;
		};
		5335E4E82644D95900DB3BF5 /* Sources */ = {
			isa = PBXSourcesBuildPhase;
			buildActionMask = 2147483647;
			files = (
				5335E4F12644D95900DB3BF5 /* DesignPatternsTests.swift in Sources */,
			);
			runOnlyForDeploymentPostprocessing = 0;
		};
		5335E4F32644D95900DB3BF5 /* Sources */ = {
			isa = PBXSourcesBuildPhase;
			buildActionMask = 2147483647;
			files = (
				5335E4FC2644D95900DB3BF5 /* DesignPatternsUITests.swift in Sources */,
			);
			runOnlyForDeploymentPostprocessing = 0;
		};
/* End PBXSourcesBuildPhase section */

/* Begin PBXTargetDependency section */
		5335E4EE2644D95900DB3BF5 /* PBXTargetDependency */ = {
			isa = PBXTargetDependency;
			target = 5335E4D22644D95500DB3BF5 /* DesignPatterns */;
			targetProxy = 5335E4ED2644D95900DB3BF5 /* PBXContainerItemProxy */;
		};
		5335E4F92644D95900DB3BF5 /* PBXTargetDependency */ = {
			isa = PBXTargetDependency;
			target = 5335E4D22644D95500DB3BF5 /* DesignPatterns */;
			targetProxy = 5335E4F82644D95900DB3BF5 /* PBXContainerItemProxy */;
		};
/* End PBXTargetDependency section */

/* Begin PBXVariantGroup section */
		5335E4E42644D95900DB3BF5 /* LaunchScreen.storyboard */ = {
			isa = PBXVariantGroup;
			children = (
				5335E4E52644D95900DB3BF5 /* Base */,
			);
			name = LaunchScreen.storyboard;
			sourceTree = "<group>";
		};
/* End PBXVariantGroup section */

/* Begin XCBuildConfiguration section */
		5335E4FE2644D95900DB3BF5 /* Debug */ = {
			isa = XCBuildConfiguration;
			buildSettings = {
				ALWAYS_SEARCH_USER_PATHS = NO;
				CLANG_ANALYZER_NONNULL = YES;
				CLANG_ANALYZER_NUMBER_OBJECT_CONVERSION = YES_AGGRESSIVE;
				CLANG_CXX_LANGUAGE_STANDARD = "gnu++14";
				CLANG_CXX_LIBRARY = "libc++";
				CLANG_ENABLE_MODULES = YES;
				CLANG_ENABLE_OBJC_ARC = YES;
				CLANG_ENABLE_OBJC_WEAK = YES;
				CLANG_WARN_BLOCK_CAPTURE_AUTORELEASING = YES;
				CLANG_WARN_BOOL_CONVERSION = YES;
				CLANG_WARN_COMMA = YES;
				CLANG_WARN_CONSTANT_CONVERSION = YES;
				CLANG_WARN_DEPRECATED_OBJC_IMPLEMENTATIONS = YES;
				CLANG_WARN_DIRECT_OBJC_ISA_USAGE = YES_ERROR;
				CLANG_WARN_DOCUMENTATION_COMMENTS = YES;
				CLANG_WARN_EMPTY_BODY = YES;
				CLANG_WARN_ENUM_CONVERSION = YES;
				CLANG_WARN_INFINITE_RECURSION = YES;
				CLANG_WARN_INT_CONVERSION = YES;
				CLANG_WARN_NON_LITERAL_NULL_CONVERSION = YES;
				CLANG_WARN_OBJC_IMPLICIT_RETAIN_SELF = YES;
				CLANG_WARN_OBJC_LITERAL_CONVERSION = YES;
				CLANG_WARN_OBJC_ROOT_CLASS = YES_ERROR;
				CLANG_WARN_QUOTED_INCLUDE_IN_FRAMEWORK_HEADER = YES;
				CLANG_WARN_RANGE_LOOP_ANALYSIS = YES;
				CLANG_WARN_STRICT_PROTOTYPES = YES;
				CLANG_WARN_SUSPICIOUS_MOVE = YES;
				CLANG_WARN_UNGUARDED_AVAILABILITY = YES_AGGRESSIVE;
				CLANG_WARN_UNREACHABLE_CODE = YES;
				CLANG_WARN__DUPLICATE_METHOD_MATCH = YES;
				COPY_PHASE_STRIP = NO;
				DEBUG_INFORMATION_FORMAT = dwarf;
				ENABLE_STRICT_OBJC_MSGSEND = YES;
				ENABLE_TESTABILITY = YES;
				GCC_C_LANGUAGE_STANDARD = gnu11;
				GCC_DYNAMIC_NO_PIC = NO;
				GCC_NO_COMMON_BLOCKS = YES;
				GCC_OPTIMIZATION_LEVEL = 0;
				GCC_PREPROCESSOR_DEFINITIONS = (
					"DEBUG=1",
					"$(inherited)",
				);
				GCC_WARN_64_TO_32_BIT_CONVERSION = YES;
				GCC_WARN_ABOUT_RETURN_TYPE = YES_ERROR;
				GCC_WARN_UNDECLARED_SELECTOR = YES;
				GCC_WARN_UNINITIALIZED_AUTOS = YES_AGGRESSIVE;
				GCC_WARN_UNUSED_FUNCTION = YES;
				GCC_WARN_UNUSED_VARIABLE = YES;
				IPHONEOS_DEPLOYMENT_TARGET = 14.4;
				MTL_ENABLE_DEBUG_INFO = INCLUDE_SOURCE;
				MTL_FAST_MATH = YES;
				ONLY_ACTIVE_ARCH = YES;
				SDKROOT = iphoneos;
				SWIFT_ACTIVE_COMPILATION_CONDITIONS = DEBUG;
				SWIFT_OPTIMIZATION_LEVEL = "-Onone";
			};
			name = Debug;
		};
		5335E4FF2644D95900DB3BF5 /* Release */ = {
			isa = XCBuildConfiguration;
			buildSettings = {
				ALWAYS_SEARCH_USER_PATHS = NO;
				CLANG_ANALYZER_NONNULL = YES;
				CLANG_ANALYZER_NUMBER_OBJECT_CONVERSION = YES_AGGRESSIVE;
				CLANG_CXX_LANGUAGE_STANDARD = "gnu++14";
				CLANG_CXX_LIBRARY = "libc++";
				CLANG_ENABLE_MODULES = YES;
				CLANG_ENABLE_OBJC_ARC = YES;
				CLANG_ENABLE_OBJC_WEAK = YES;
				CLANG_WARN_BLOCK_CAPTURE_AUTORELEASING = YES;
				CLANG_WARN_BOOL_CONVERSION = YES;
				CLANG_WARN_COMMA = YES;
				CLANG_WARN_CONSTANT_CONVERSION = YES;
				CLANG_WARN_DEPRECATED_OBJC_IMPLEMENTATIONS = YES;
				CLANG_WARN_DIRECT_OBJC_ISA_USAGE = YES_ERROR;
				CLANG_WARN_DOCUMENTATION_COMMENTS = YES;
				CLANG_WARN_EMPTY_BODY = YES;
				CLANG_WARN_ENUM_CONVERSION = YES;
				CLANG_WARN_INFINITE_RECURSION = YES;
				CLANG_WARN_INT_CONVERSION = YES;
				CLANG_WARN_NON_LITERAL_NULL_CONVERSION = YES;
				CLANG_WARN_OBJC_IMPLICIT_RETAIN_SELF = YES;
				CLANG_WARN_OBJC_LITERAL_CONVERSION = YES;
				CLANG_WARN_OBJC_ROOT_CLASS = YES_ERROR;
				CLANG_WARN_QUOTED_INCLUDE_IN_FRAMEWORK_HEADER = YES;
				CLANG_WARN_RANGE_LOOP_ANALYSIS = YES;
				CLANG_WARN_STRICT_PROTOTYPES = YES;
				CLANG_WARN_SUSPICIOUS_MOVE = YES;
				CLANG_WARN_UNGUARDED_AVAILABILITY = YES_AGGRESSIVE;
				CLANG_WARN_UNREACHABLE_CODE = YES;
				CLANG_WARN__DUPLICATE_METHOD_MATCH = YES;
				COPY_PHASE_STRIP = NO;
				DEBUG_INFORMATION_FORMAT = "dwarf-with-dsym";
				ENABLE_NS_ASSERTIONS = NO;
				ENABLE_STRICT_OBJC_MSGSEND = YES;
				GCC_C_LANGUAGE_STANDARD = gnu11;
				GCC_NO_COMMON_BLOCKS = YES;
				GCC_WARN_64_TO_32_BIT_CONVERSION = YES;
				GCC_WARN_ABOUT_RETURN_TYPE = YES_ERROR;
				GCC_WARN_UNDECLARED_SELECTOR = YES;
				GCC_WARN_UNINITIALIZED_AUTOS = YES_AGGRESSIVE;
				GCC_WARN_UNUSED_FUNCTION = YES;
				GCC_WARN_UNUSED_VARIABLE = YES;
				IPHONEOS_DEPLOYMENT_TARGET = 14.4;
				MTL_ENABLE_DEBUG_INFO = NO;
				MTL_FAST_MATH = YES;
				SDKROOT = iphoneos;
				SWIFT_COMPILATION_MODE = wholemodule;
				SWIFT_OPTIMIZATION_LEVEL = "-O";
				VALIDATE_PRODUCT = YES;
			};
			name = Release;
		};
		5335E5012644D95900DB3BF5 /* Debug */ = {
			isa = XCBuildConfiguration;
			buildSettings = {
				ASSETCATALOG_COMPILER_APPICON_NAME = AppIcon;
				ASSETCATALOG_COMPILER_GLOBAL_ACCENT_COLOR_NAME = AccentColor;
				CODE_SIGN_STYLE = Automatic;
				DEVELOPMENT_TEAM = 57Y3YQWHXT;
				INFOPLIST_FILE = DesignPatterns/Info.plist;
				LD_RUNPATH_SEARCH_PATHS = (
					"$(inherited)",
					"@executable_path/Frameworks",
				);
				PRODUCT_BUNDLE_IDENTIFIER = rafael.douglas.DesignPatterns;
				PRODUCT_NAME = "$(TARGET_NAME)";
				SWIFT_VERSION = 5.0;
				TARGETED_DEVICE_FAMILY = "1,2";
			};
			name = Debug;
		};
		5335E5022644D95900DB3BF5 /* Release */ = {
			isa = XCBuildConfiguration;
			buildSettings = {
				ASSETCATALOG_COMPILER_APPICON_NAME = AppIcon;
				ASSETCATALOG_COMPILER_GLOBAL_ACCENT_COLOR_NAME = AccentColor;
				CODE_SIGN_STYLE = Automatic;
				DEVELOPMENT_TEAM = 57Y3YQWHXT;
				INFOPLIST_FILE = DesignPatterns/Info.plist;
				LD_RUNPATH_SEARCH_PATHS = (
					"$(inherited)",
					"@executable_path/Frameworks",
				);
				PRODUCT_BUNDLE_IDENTIFIER = rafael.douglas.DesignPatterns;
				PRODUCT_NAME = "$(TARGET_NAME)";
				SWIFT_VERSION = 5.0;
				TARGETED_DEVICE_FAMILY = "1,2";
			};
			name = Release;
		};
		5335E5042644D95900DB3BF5 /* Debug */ = {
			isa = XCBuildConfiguration;
			buildSettings = {
				ALWAYS_EMBED_SWIFT_STANDARD_LIBRARIES = YES;
				BUNDLE_LOADER = "$(TEST_HOST)";
				CODE_SIGN_STYLE = Automatic;
				DEVELOPMENT_TEAM = 57Y3YQWHXT;
				INFOPLIST_FILE = DesignPatternsTests/Info.plist;
				IPHONEOS_DEPLOYMENT_TARGET = 14.4;
				LD_RUNPATH_SEARCH_PATHS = (
					"$(inherited)",
					"@executable_path/Frameworks",
					"@loader_path/Frameworks",
				);
				PRODUCT_BUNDLE_IDENTIFIER = rafael.douglas.DesignPatternsTests;
				PRODUCT_NAME = "$(TARGET_NAME)";
				SWIFT_VERSION = 5.0;
				TARGETED_DEVICE_FAMILY = "1,2";
				TEST_HOST = "$(BUILT_PRODUCTS_DIR)/DesignPatterns.app/DesignPatterns";
			};
			name = Debug;
		};
		5335E5052644D95900DB3BF5 /* Release */ = {
			isa = XCBuildConfiguration;
			buildSettings = {
				ALWAYS_EMBED_SWIFT_STANDARD_LIBRARIES = YES;
				BUNDLE_LOADER = "$(TEST_HOST)";
				CODE_SIGN_STYLE = Automatic;
				DEVELOPMENT_TEAM = 57Y3YQWHXT;
				INFOPLIST_FILE = DesignPatternsTests/Info.plist;
				IPHONEOS_DEPLOYMENT_TARGET = 14.4;
				LD_RUNPATH_SEARCH_PATHS = (
					"$(inherited)",
					"@executable_path/Frameworks",
					"@loader_path/Frameworks",
				);
				PRODUCT_BUNDLE_IDENTIFIER = rafael.douglas.DesignPatternsTests;
				PRODUCT_NAME = "$(TARGET_NAME)";
				SWIFT_VERSION = 5.0;
				TARGETED_DEVICE_FAMILY = "1,2";
				TEST_HOST = "$(BUILT_PRODUCTS_DIR)/DesignPatterns.app/DesignPatterns";
			};
			name = Release;
		};
		5335E5072644D95900DB3BF5 /* Debug */ = {
			isa = XCBuildConfiguration;
			buildSettings = {
				ALWAYS_EMBED_SWIFT_STANDARD_LIBRARIES = YES;
				CODE_SIGN_STYLE = Automatic;
				DEVELOPMENT_TEAM = 57Y3YQWHXT;
				INFOPLIST_FILE = DesignPatternsUITests/Info.plist;
				LD_RUNPATH_SEARCH_PATHS = (
					"$(inherited)",
					"@executable_path/Frameworks",
					"@loader_path/Frameworks",
				);
				PRODUCT_BUNDLE_IDENTIFIER = rafael.douglas.DesignPatternsUITests;
				PRODUCT_NAME = "$(TARGET_NAME)";
				SWIFT_VERSION = 5.0;
				TARGETED_DEVICE_FAMILY = "1,2";
				TEST_TARGET_NAME = DesignPatterns;
			};
			name = Debug;
		};
		5335E5082644D95900DB3BF5 /* Release */ = {
			isa = XCBuildConfiguration;
			buildSettings = {
				ALWAYS_EMBED_SWIFT_STANDARD_LIBRARIES = YES;
				CODE_SIGN_STYLE = Automatic;
				DEVELOPMENT_TEAM = 57Y3YQWHXT;
				INFOPLIST_FILE = DesignPatternsUITests/Info.plist;
				LD_RUNPATH_SEARCH_PATHS = (
					"$(inherited)",
					"@executable_path/Frameworks",
					"@loader_path/Frameworks",
				);
				PRODUCT_BUNDLE_IDENTIFIER = rafael.douglas.DesignPatternsUITests;
				PRODUCT_NAME = "$(TARGET_NAME)";
				SWIFT_VERSION = 5.0;
				TARGETED_DEVICE_FAMILY = "1,2";
				TEST_TARGET_NAME = DesignPatterns;
			};
			name = Release;
		};
/* End XCBuildConfiguration section */

/* Begin XCConfigurationList section */
		5335E4CE2644D95500DB3BF5 /* Build configuration list for PBXProject "DesignPatterns" */ = {
			isa = XCConfigurationList;
			buildConfigurations = (
				5335E4FE2644D95900DB3BF5 /* Debug */,
				5335E4FF2644D95900DB3BF5 /* Release */,
			);
			defaultConfigurationIsVisible = 0;
			defaultConfigurationName = Release;
		};
		5335E5002644D95900DB3BF5 /* Build configuration list for PBXNativeTarget "DesignPatterns" */ = {
			isa = XCConfigurationList;
			buildConfigurations = (
				5335E5012644D95900DB3BF5 /* Debug */,
				5335E5022644D95900DB3BF5 /* Release */,
			);
			defaultConfigurationIsVisible = 0;
			defaultConfigurationName = Release;
		};
		5335E5032644D95900DB3BF5 /* Build configuration list for PBXNativeTarget "DesignPatternsTests" */ = {
			isa = XCConfigurationList;
			buildConfigurations = (
				5335E5042644D95900DB3BF5 /* Debug */,
				5335E5052644D95900DB3BF5 /* Release */,
			);
			defaultConfigurationIsVisible = 0;
			defaultConfigurationName = Release;
		};
		5335E5062644D95900DB3BF5 /* Build configuration list for PBXNativeTarget "DesignPatternsUITests" */ = {
			isa = XCConfigurationList;
			buildConfigurations = (
				5335E5072644D95900DB3BF5 /* Debug */,
				5335E5082644D95900DB3BF5 /* Release */,
			);
			defaultConfigurationIsVisible = 0;
			defaultConfigurationName = Release;
		};
/* End XCConfigurationList section */

/* Begin XCVersionGroup section */
		5335E4DF2644D95500DB3BF5 /* DesignPatterns.xcdatamodeld */ = {
			isa = XCVersionGroup;
			children = (
				5335E4E02644D95500DB3BF5 /* DesignPatterns.xcdatamodel */,
			);
			currentVersion = 5335E4E02644D95500DB3BF5 /* DesignPatterns.xcdatamodel */;
			path = DesignPatterns.xcdatamodeld;
			sourceTree = "<group>";
			versionGroupType = wrapper.xcdatamodel;
		};
/* End XCVersionGroup section */
	};
	rootObject = 5335E4CB2644D95500DB3BF5 /* Project object */;
}
